
Microsoft Visual Studio Solution File, Format Version 12.00
# Visual Studio Version 16
VisualStudioVersion = 16.0.31105.61
MinimumVisualStudioVersion = 10.0.40219.1
Project("{9A19103F-16F7-4668-BE54-9A1E7A4F7556}") = "DigitalLibrary", "DigitalLibrary\DigitalLibrary.csproj", "{013B4D57-4FB2-4412-B983-01BD29A9EA9B}"
EndProject
Project("{FAE04EC0-301F-11D3-BF4B-00C04F79EFBC}") = "DigitalLibrary.Tests", "DigitalLibrary.Tests\DigitalLibrary.Tests.csproj", "{4875FC81-DC5B-4E21-BD28-23B2814105B3}"
EndProject
Global
	GlobalSection(SolutionConfigurationPlatforms) = preSolution
		Debug|Any CPU = Debug|Any CPU
		Release|Any CPU = Release|Any CPU
	EndGlobalSection
	GlobalSection(ProjectConfigurationPlatforms) = postSolution
		{013B4D57-4FB2-4412-B983-01BD29A9EA9B}.Debug|Any CPU.ActiveCfg = Debug|Any CPU
		{013B4D57-4FB2-4412-B983-01BD29A9EA9B}.Debug|Any CPU.Build.0 = Debug|Any CPU
		{013B4D57-4FB2-4412-B983-01BD29A9EA9B}.Release|Any CPU.ActiveCfg = Release|Any CPU
		{013B4D57-4FB2-4412-B983-01BD29A9EA9B}.Release|Any CPU.Build.0 = Release|Any CPU
		{4875FC81-DC5B-4E21-BD28-23B2814105B3}.Debug|Any CPU.ActiveCfg = Debug|Any CPU
		{4875FC81-DC5B-4E21-BD28-23B2814105B3}.Debug|Any CPU.Build.0 = Debug|Any CPU
		{4875FC81-DC5B-4E21-BD28-23B2814105B3}.Release|Any CPU.ActiveCfg = Release|Any CPU
		{4875FC81-DC5B-4E21-BD28-23B2814105B3}.Release|Any CPU.Build.0 = Release|Any CPU
	EndGlobalSection
	GlobalSection(SolutionProperties) = preSolution
		HideSolutionNode = FALSE
	EndGlobalSection
	GlobalSection(ExtensibilityGlobals) = postSolution
		SolutionGuid = {2BAE4245-EEE8-4028-A732-C677A5F9CAF6}
	EndGlobalSection
EndGlobal
